<?xml version="1.0" encoding="utf-8"?>
<Project ToolsVersion="4.0" xmlns="http://schemas.microsoft.com/developer/msbuild/2003">
  <ItemGroup>
    <Filter Include="Source Files">
      <UniqueIdentifier>{4FC737F1-C7A5-4376-A066-2A32D752A2FF}</UniqueIdentifier>
      <Extensions>cpp;c;cc;cxx;def;odl;idl;hpj;bat;asm;asmx</Extensions>
    </Filter>
    <Filter Include="Header Files">
      <UniqueIdentifier>{93995380-89BD-4b04-88EB-625FBE52EBFB}</UniqueIdentifier>
      <Extensions>h;hh;hpp;hxx;hm;inl;inc;xsd</Extensions>
    </Filter>
    <Filter Include="Resource Files">
      <UniqueIdentifier>{D9D6E242-F8AF-46E4-B9FD-80ECBC20BA3E}</UniqueIdentifier>
      <Extensions>qrc;*</Extensions>
      <ParseFiles>false</ParseFiles>
    </Filter>
    <Filter Include="Resource Files">
      <UniqueIdentifier>{D9D6E242-F8AF-46E4-B9FD-80ECBC20BA3E}</UniqueIdentifier>
      <Extensions>qrc;*</Extensions>
      <ParseFiles>false</ParseFiles>
    </Filter>
    <Filter Include="Generated Files">
      <UniqueIdentifier>{71ED8ED8-ACB9-4CE9-BBE1-E00B30144E11}</UniqueIdentifier>
      <Extensions>moc;h;cpp</Extensions>
      <SourceControlFiles>False</SourceControlFiles>
    </Filter>
  </ItemGroup>
  <ItemGroup>
    <ClCompile Include="Analyzer.cpp">
      <Filter>Source Files</Filter>
    </ClCompile>
    <ClCompile Include="LexicalAnalyzer.cpp">
      <Filter>Source Files</Filter>
    </ClCompile>
    <ClCompile Include="OutputType.cpp">
      <Filter>Source Files</Filter>
    </ClCompile>
    <ClCompile Include="ReturnMsg.cpp">
      <Filter>Source Files</Filter>
    </ClCompile>
    <ClCompile Include="SyntacticAnalyzer.cpp">
      <Filter>Source Files</Filter>
    </ClCompile>
    <ClCompile Include="SyntacticAnalyzerAppend.cpp">
      <Filter>Source Files</Filter>
    </ClCompile>
    <ClCompile Include="Token.cpp">
      <Filter>Source Files</Filter>
    </ClCompile>
    <ClCompile Include="TokenMatcher.cpp">
      <Filter>Source Files</Filter>
    </ClCompile>
  </ItemGroup>
  <ItemGroup>
    <CustomBuild Include="Analyzer.h">
      <Filter>Header Files</Filter>
    </CustomBuild>
    <CustomBuild Include="analyzer_global.h">
      <Filter>Header Files</Filter>
    </CustomBuild>
    <CustomBuild Include="LexicalAnalyzer.h">
      <Filter>Header Files</Filter>
    </CustomBuild>
    <CustomBuild Include="MacroDefinition.h">
      <Filter>Header Files</Filter>
    </CustomBuild>
    <CustomBuild Include="OutputType.h">
      <Filter>Header Files</Filter>
    </CustomBuild>
    <CustomBuild Include="RegularExpression.h">
      <Filter>Header Files</Filter>
    </CustomBuild>
    <CustomBuild Include="ReturnMsg.h">
      <Filter>Header Files</Filter>
    </CustomBuild>
    <CustomBuild Include="SyntacticAnalyzer.h">
      <Filter>Header Files</Filter>
    </CustomBuild>
    <CustomBuild Include="Token.h">
      <Filter>Header Files</Filter>
    </CustomBuild>
    <CustomBuild Include="TokenMatcher.h">
      <Filter>Header Files</Filter>
    </CustomBuild>
  </ItemGroup>
</Project>